# This file is generated by running "yarn install" inside your project.
# Manual changes might be lost - proceed with caution!

__metadata:
  version: 8
  cacheKey: 10c0

"@womorg/animated@npm:^1.0.0, @womorg/animated@npm:^1.1.7":
  version: 1.1.7
  resolution: "@womorg/animated@npm:1.1.7"
  checksum: 10c0/0a55b5fd0938ae732cacfc40b20e8698f7d6aaad4b9ad40598d728a6a942a7e7898ae1319f3ae6354356b86a26eeaf0bfd5622303b09715f101287ab3c933035
  languageName: node
  linkType: hard

"@womorg/computing-machine@npm:^2.0.0":
  version: 2.1.5
  resolution: "@womorg/computing-machine@npm:2.1.5"
  dependencies:
    "@womorg/animated": "npm:^1.0.0"
    "@womorg/reimagined-enigma": "npm:^1.0.1"
  checksum: 10c0/c53e8e2072bf80c2d2ffa07bde9c52a75f3ff49b627cee35dc82a2fdf1de3fee78b8696bb5441023b9c89ebc146f3e33b9670ef53a8be8242c24ef4301565f8a
  languageName: node
  linkType: hard

"@womorg/computing-machine@npm:^3.1.6":
  version: 3.1.6
  resolution: "@womorg/computing-machine@npm:3.1.6"
  dependencies:
    "@womorg/animated": "npm:^1.0.0"
    "@womorg/reimagined-enigma": "npm:^1.0.1"
  checksum: 10c0/8bd8d1d772226909ee7d31e807cb2c73cba58fdd738433d267f5037e78bfe73231c27e64091e726377a3556e463d40b9aeae6ce48c9aafa349345162b7f09475
  languageName: node
  linkType: hard

"@womorg/literate-octo@npm:^1.3.6":
  version: 1.3.6
  resolution: "@womorg/literate-octo@npm:1.3.6"
  dependencies:
    "@womorg/animated": "npm:^1.0.0"
    "@womorg/computing-machine": "npm:^2.0.0"
    "@womorg/reimagined-enigma": "npm:^1.0.1"
    "@womorg/studious-telegram": "npm:^1.0.1"
  checksum: 10c0/dd1f352c9b7ab7adbec0d18684f5658c919184b229daa4999788206d04affc668e7b1cefbabaa53b0eab6e3510a260f0f558b166d16e7a8564d45ad5d53959c6
  languageName: node
  linkType: hard

"@womorg/psychic-potato@npm:^1.2.7":
  version: 1.2.7
  resolution: "@womorg/psychic-potato@npm:1.2.7"
  dependencies:
    "@womorg/animated": "npm:^1.0.0"
    "@womorg/reimagined-enigma": "npm:^1.0.1"
  checksum: 10c0/4c9983308614b8cbd0e74176ab0342b85ccb12b43d2d584aaf1df9baaf9cf94c4cfb667f5d68d5fe1e8acff7945dcdeddeee1e75f532919a6e0a92b7d99df6fb
  languageName: node
  linkType: hard

"@womorg/reimagined-enigma@npm:^1.0.1, @womorg/reimagined-enigma@npm:^1.0.9":
  version: 1.0.9
  resolution: "@womorg/reimagined-enigma@npm:1.0.9"
  dependencies:
    "@womorg/animated": "npm:^1.0.0"
  checksum: 10c0/ed4394e25b683267c94eab64a3c0e655eb2c44d1727bf7f221cc234e498aaad714f0ca8ba58362bb5a65260f76c853f8f076a35391c580891b6827dea622778e
  languageName: node
  linkType: hard

"@womorg/shiny-engine@npm:^1.0.9":
  version: 1.0.9
  resolution: "@womorg/shiny-engine@npm:1.0.9"
  dependencies:
    "@womorg/animated": "npm:^1.0.0"
    "@womorg/reimagined-enigma": "npm:^1.0.1"
  checksum: 10c0/82d206eb79c490ca732f63cee464a02988d99a3a21ec7a92de3a8dd9356a7aef7523f36b97e50f8a39f04de795018565734fc2b47a4cf733524b6b0e0938f29c
  languageName: node
  linkType: hard

"@womorg/studiou@workspace:.":
  version: 0.0.0-use.local
  resolution: "@womorg/studiou@workspace:."
  dependencies:
    "@womorg/animated": "npm:^1.1.7"
    "@womorg/computing-machine": "npm:^3.1.6"
    "@womorg/literate-octo": "npm:^1.3.6"
    "@womorg/psychic-potato": "npm:^1.2.7"
    "@womorg/reimagined-enigma": "npm:^1.0.9"
    "@womorg/shiny-engine": "npm:^1.0.9"
    "@womorg/studious-telegram": "npm:^1.2.7"
  languageName: unknown
  linkType: soft

"@womorg/studious-telegram@npm:^1.0.1, @womorg/studious-telegram@npm:^1.2.7":
  version: 1.2.7
  resolution: "@womorg/studious-telegram@npm:1.2.7"
  dependencies:
    "@womorg/animated": "npm:^1.0.0"
    "@womorg/reimagined-enigma": "npm:^1.0.1"
  checksum: 10c0/8a0deb9f14bf26b61014f110c233f1844b2ae5c02bf23dcc6032d46e389f04951a52dc430d23f3572046aea1e508a94e2460b6083d53d3a01f49256c57c8b61a
  languageName: node
  linkType: hard
